{
  "name": "bedrock-pack",
  "version": "1.0.0",
  "lockfileVersion": 3,
  "requires": true,
  "packages": {
    "": {
      "name": "bedrock-pack",
      "version": "1.0.0",
      "license": "MIT",
      "dependencies": {
        "strip-json-comments": "^5.0.1",
        "yauzl-promise": "^4.0.0"
      },
      "bin": {
        "bedrock-pack": "dist/cli-program.js"
      },
      "devDependencies": {
        "@types/node": "^16.7.0",
        "@types/yauzl-promise": "^2.1.4",
        "ts-essentials": "^9.4.1"
      },
      "engines": {
        "node": ">=16.7.0"
      }
    },
    "../manifest-resolver": {
      "name": "bedrock-manifest-resolver",
      "version": "1.0.0",
      "extraneous": true,
      "license": "MIT",
      "dependencies": {
        "bedrock-pack": "file:../pack",
        "yauzl-promise": "^4.0.0"
      },
      "devDependencies": {
        "@types/node": "^20.10.4",
        "@types/yauzl-promise": "^2.1.4"
      },
      "engines": {
        "node": ">=18.0.0"
      }
    },
    "node_modules/@babel/runtime": {
      "version": "7.23.7",
      "resolved": "https://registry.npmjs.org/@babel/runtime/-/runtime-7.23.7.tgz",
      "integrity": "sha512-w06OXVOFso7LcbzMiDGt+3X7Rh7Ho8MmgPoWU3rarH+8upf+wSU/grlGbWzQyr3DkdN6ZeuMFjpdwW0Q+HxobA==",
      "dependencies": {
        "regenerator-runtime": "^0.14.0"
      },
      "engines": {
        "node": ">=6.9.0"
      }
    },
    "node_modules/@emnapi/core": {
      "version": "0.45.0",
      "resolved": "https://registry.npmjs.org/@emnapi/core/-/core-0.45.0.tgz",
      "integrity": "sha512-DPWjcUDQkCeEM4VnljEOEcXdAD7pp8zSZsgOujk/LGIwCXWbXJngin+MO4zbH429lzeC3WbYLGjE2MaUOwzpyw==",
      "optional": true,
      "dependencies": {
        "tslib": "^2.4.0"
      }
    },
    "node_modules/@emnapi/runtime": {
      "version": "0.45.0",
      "resolved": "https://registry.npmjs.org/@emnapi/runtime/-/runtime-0.45.0.tgz",
      "integrity": "sha512-Txumi3td7J4A/xTTwlssKieHKTGl3j4A1tglBx72auZ49YK7ePY6XZricgIg9mnZT4xPfA+UPCUdnhRuEFDL+w==",
      "optional": true,
      "dependencies": {
        "tslib": "^2.4.0"
      }
    },
    "node_modules/@node-rs/crc32": {
      "version": "1.8.1",
      "resolved": "https://registry.npmjs.org/@node-rs/crc32/-/crc32-1.8.1.tgz",
      "integrity": "sha512-vAwU5XDIKFciqc3cJKsfu+dvdE0a98L7MB/9zt7PSKsWlHeK9eDBnIMAojIGjFK3Ob5Gg5ZtY35tIKNj4VUOnQ==",
      "engines": {
        "node": ">= 10"
      },
      "funding": {
        "type": "github",
        "url": "https://github.com/sponsors/Brooooooklyn"
      },
      "optionalDependencies": {
        "@node-rs/crc32-android-arm-eabi": "1.8.1",
        "@node-rs/crc32-android-arm64": "1.8.1",
        "@node-rs/crc32-darwin-arm64": "1.8.1",
        "@node-rs/crc32-darwin-x64": "1.8.1",
        "@node-rs/crc32-freebsd-x64": "1.8.1",
        "@node-rs/crc32-linux-arm-gnueabihf": "1.8.1",
        "@node-rs/crc32-linux-arm64-gnu": "1.8.1",
        "@node-rs/crc32-linux-arm64-musl": "1.8.1",
        "@node-rs/crc32-linux-x64-gnu": "1.8.1",
        "@node-rs/crc32-linux-x64-musl": "1.8.1",
        "@node-rs/crc32-wasm32-wasi": "1.8.1",
        "@node-rs/crc32-win32-arm64-msvc": "1.8.1",
        "@node-rs/crc32-win32-ia32-msvc": "1.8.1",
        "@node-rs/crc32-win32-x64-msvc": "1.8.1"
      }
    },
    "node_modules/@node-rs/crc32-android-arm-eabi": {
      "version": "1.8.1",
      "resolved": "https://registry.npmjs.org/@node-rs/crc32-android-arm-eabi/-/crc32-android-arm-eabi-1.8.1.tgz",
      "integrity": "sha512-Ln+QvYK4NRK2St6nWdBBigsSC7qSnmwble14HP7B3NmeveSjjJQjTbBuOK9bPhEhk1GVunZbuD8Kl0rPCqYtgw==",
      "cpu": [
        "arm"
      ],
      "optional": true,
      "os": [
        "android"
      ],
      "engines": {
        "node": ">= 10"
      }
    },
    "node_modules/@node-rs/crc32-android-arm64": {
      "version": "1.8.1",
      "resolved": "https://registry.npmjs.org/@node-rs/crc32-android-arm64/-/crc32-android-arm64-1.8.1.tgz",
      "integrity": "sha512-gsPz/uuxMlfQGzolbPhcm0cgmLj42auPqC0xILmIo/V+zGeHsqkUMRpPPdZMu29P8hJisGV57S/O3AJ11jpZdQ==",
      "cpu": [
        "arm64"
      ],
      "optional": true,
      "os": [
        "android"
      ],
      "engines": {
        "node": ">= 10"
      }
    },
    "node_modules/@node-rs/crc32-darwin-arm64": {
      "version": "1.8.1",
      "resolved": "https://registry.npmjs.org/@node-rs/crc32-darwin-arm64/-/crc32-darwin-arm64-1.8.1.tgz",
      "integrity": "sha512-WPzuw9wJ4svt5O0oZsE96tildT5zfI654mMiSzpQw09YGBC4Eoa2cDmgTMtAXvc/pVX/E8vDMzCr/h9QFqDidA==",
      "cpu": [
        "arm64"
      ],
      "optional": true,
      "os": [
        "darwin"
      ],
      "engines": {
        "node": ">= 10"
      }
    },
    "node_modules/@node-rs/crc32-darwin-x64": {
      "version": "1.8.1",
      "resolved": "https://registry.npmjs.org/@node-rs/crc32-darwin-x64/-/crc32-darwin-x64-1.8.1.tgz",
      "integrity": "sha512-xZCTgyRQp2ugyhc4Z5Fc0o1eZnnZpG6Ggq0AGiT1QlOEnEKeRq1jrpjCTUI+3aug/ShkDeiuG/PSqxGmtkLN+w==",
      "cpu": [
        "x64"
      ],
      "optional": true,
      "os": [
        "darwin"
      ],
      "engines": {
        "node": ">= 10"
      }
    },
    "node_modules/@node-rs/crc32-freebsd-x64": {
      "version": "1.8.1",
      "resolved": "https://registry.npmjs.org/@node-rs/crc32-freebsd-x64/-/crc32-freebsd-x64-1.8.1.tgz",
      "integrity": "sha512-MvUmvnxUkqsO2EvbB8XYdt46ypYXjI/vcTzSzqQKmOMrQDLLR0zEDLKSF29CNThpl+5J1klfgs46B1Z6rr0JNA==",
      "cpu": [
        "x64"
      ],
      "optional": true,
      "os": [
        "freebsd"
      ],
      "engines": {
        "node": ">= 10"
      }
    },
    "node_modules/@node-rs/crc32-linux-arm-gnueabihf": {
      "version": "1.8.1",
      "resolved": "https://registry.npmjs.org/@node-rs/crc32-linux-arm-gnueabihf/-/crc32-linux-arm-gnueabihf-1.8.1.tgz",
      "integrity": "sha512-YXXbv3NsTKHE0x5jpqZ99PfldOAdGEorfwcVRFmxtMBJZbXKG3kiPSjN3cCW9cApl1FPZhc53uvaHgB6pLztxw==",
      "cpu": [
        "arm"
      ],
      "optional": true,
      "os": [
        "linux"
      ],
      "engines": {
        "node": ">= 10"
      }
    },
    "node_modules/@node-rs/crc32-linux-arm64-gnu": {
      "version": "1.8.1",
      "resolved": "https://registry.npmjs.org/@node-rs/crc32-linux-arm64-gnu/-/crc32-linux-arm64-gnu-1.8.1.tgz",
      "integrity": "sha512-5F30/70cxapwPLu8Rp9batrgoUOKgTAlX/fFuSRuFoKetET5ZW8qYm/loZelxwdar8s9e6oV7OsY7QX6KKFrZQ==",
      "cpu": [
        "arm64"
      ],
      "optional": true,
      "os": [
        "linux"
      ],
      "engines": {
        "node": ">= 10"
      }
    },
    "node_modules/@node-rs/crc32-linux-arm64-musl": {
      "version": "1.8.1",
      "resolved": "https://registry.npmjs.org/@node-rs/crc32-linux-arm64-musl/-/crc32-linux-arm64-musl-1.8.1.tgz",
      "integrity": "sha512-cSgSzcRQugpGjSLfUXApg8fdfsP1VdvV6/v2PUC29g0pTrQlErSuc6XPw2ktvVHPAMtfWxwguB/BOwLTz9SQuA==",
      "cpu": [
        "arm64"
      ],
      "optional": true,
      "os": [
        "linux"
      ],
      "engines": {
        "node": ">= 10"
      }
    },
    "node_modules/@node-rs/crc32-linux-x64-gnu": {
      "version": "1.8.1",
      "resolved": "https://registry.npmjs.org/@node-rs/crc32-linux-x64-gnu/-/crc32-linux-x64-gnu-1.8.1.tgz",
      "integrity": "sha512-q18RsXlAEoAFm6HBibvZ3VW/FSRZsKaSHktg9QxgUV5G7rk6pDTzoTcfFW1L4Z2zMgTBYhC5Bw8x8k08cZbXWw==",
      "cpu": [
        "x64"
      ],
      "optional": true,
      "os": [
        "linux"
      ],
      "engines": {
        "node": ">= 10"
      }
    },
    "node_modules/@node-rs/crc32-linux-x64-musl": {
      "version": "1.8.1",
      "resolved": "https://registry.npmjs.org/@node-rs/crc32-linux-x64-musl/-/crc32-linux-x64-musl-1.8.1.tgz",
      "integrity": "sha512-YD+Z37686eZOZsqZyzU1xoyVSZL0ePllAI4SEpd761CvGVWPS8Gp9EzCB5IqpwbUE8mmwooCBINVste2X6UD5g==",
      "cpu": [
        "x64"
      ],
      "optional": true,
      "os": [
        "linux"
      ],
      "engines": {
        "node": ">= 10"
      }
    },
    "node_modules/@node-rs/crc32-wasm32-wasi": {
      "version": "1.8.1",
      "resolved": "https://registry.npmjs.org/@node-rs/crc32-wasm32-wasi/-/crc32-wasm32-wasi-1.8.1.tgz",
      "integrity": "sha512-r8stjz/FEk2PjcbfHY+swk4nXz+3gjnAVIk5RPs5ZLyPbsHHwnhl4h4jvWUAEVj0PbuFbtadGb/t8dnYrz7fvw==",
      "cpu": [
        "wasm32"
      ],
      "optional": true,
      "dependencies": {
        "@emnapi/core": "^0.45.0",
        "@emnapi/runtime": "^0.45.0"
      },
      "engines": {
        "node": ">=14.0.0"
      }
    },
    "node_modules/@node-rs/crc32-win32-arm64-msvc": {
      "version": "1.8.1",
      "resolved": "https://registry.npmjs.org/@node-rs/crc32-win32-arm64-msvc/-/crc32-win32-arm64-msvc-1.8.1.tgz",
      "integrity": "sha512-2+h/VGC/k8AambUnZh+wOU1x+CWhWnwsCd6CHl/qw/zQ1trOoGM7eoaov3wDZqoniWWAfJOeMrczgSbIB2Nq7A==",
      "cpu": [
        "arm64"
      ],
      "optional": true,
      "os": [
        "win32"
      ],
      "engines": {
        "node": ">= 10"
      }
    },
    "node_modules/@node-rs/crc32-win32-ia32-msvc": {
      "version": "1.8.1",
      "resolved": "https://registry.npmjs.org/@node-rs/crc32-win32-ia32-msvc/-/crc32-win32-ia32-msvc-1.8.1.tgz",
      "integrity": "sha512-Y4Som+44M9gb+KhY5NQclysFxRQE39nuYkC5g1irGm1PF4ylkqmbicwFbhxSvwT33fsBpG9WEGpSL+5ldpWC0g==",
      "cpu": [
        "ia32"
      ],
      "optional": true,
      "os": [
        "win32"
      ],
      "engines": {
        "node": ">= 10"
      }
    },
    "node_modules/@node-rs/crc32-win32-x64-msvc": {
      "version": "1.8.1",
      "resolved": "https://registry.npmjs.org/@node-rs/crc32-win32-x64-msvc/-/crc32-win32-x64-msvc-1.8.1.tgz",
      "integrity": "sha512-X4C0vC1dJWPM3Tdfzqqh1/THVk0APi/QxvwqaDul1OaLMoIJyk7cwi9meccYDY4lMvRtgETFC7exjU8VT7EPrg==",
      "cpu": [
        "x64"
      ],
      "optional": true,
      "os": [
        "win32"
      ],
      "engines": {
        "node": ">= 10"
      }
    },
    "node_modules/@types/node": {
      "version": "16.7.0",
      "resolved": "https://registry.npmjs.org/@types/node/-/node-16.7.0.tgz",
      "integrity": "sha512-e66BrnjWQ3BRBZ2+iA5e85fcH9GLNe4S0n1H0T3OalK2sXg5XWEFTO4xvmGrYQ3edy+q6fdOh5t0/HOY8OAqBg==",
      "dev": true
    },
    "node_modules/@types/yauzl": {
      "version": "2.10.3",
      "resolved": "https://registry.npmjs.org/@types/yauzl/-/yauzl-2.10.3.tgz",
      "integrity": "sha512-oJoftv0LSuaDZE3Le4DbKX+KS9G36NzOeSap90UIK0yMA/NhKJhqlSGtNDORNRaIbQfzjXDrQa0ytJ6mNRGz/Q==",
      "dev": true,
      "dependencies": {
        "@types/node": "*"
      }
    },
    "node_modules/@types/yauzl-promise": {
      "version": "2.1.4",
      "resolved": "https://registry.npmjs.org/@types/yauzl-promise/-/yauzl-promise-2.1.4.tgz",
      "integrity": "sha512-qd97dmQt75cExEJp77eEMYfWqDnApsiAx1cDV4cXXyYyg7nt16Xu4KT7F3K0ElzDAn44ZgXskySZUfnM74k0bw==",
      "dev": true,
      "dependencies": {
        "@types/node": "*",
        "@types/yauzl": "*"
      }
    },
    "node_modules/define-data-property": {
      "version": "1.1.1",
      "resolved": "https://registry.npmjs.org/define-data-property/-/define-data-property-1.1.1.tgz",
      "integrity": "sha512-E7uGkTzkk1d0ByLeSc6ZsFS79Axg+m1P/VsgYsxHgiuc3tFSj+MjMIwe90FC4lOAZzNBdY7kkO2P2wKdsQ1vgQ==",
      "dependencies": {
        "get-intrinsic": "^1.2.1",
        "gopd": "^1.0.1",
        "has-property-descriptors": "^1.0.0"
      },
      "engines": {
        "node": ">= 0.4"
      }
    },
    "node_modules/define-properties": {
      "version": "1.2.1",
      "resolved": "https://registry.npmjs.org/define-properties/-/define-properties-1.2.1.tgz",
      "integrity": "sha512-8QmQKqEASLd5nx0U1B1okLElbUuuttJ/AnYmRXbbbGDWh6uS208EjD4Xqq/I9wK7u0v6O08XhTWnt5XtEbR6Dg==",
      "dependencies": {
        "define-data-property": "^1.0.1",
        "has-property-descriptors": "^1.0.0",
        "object-keys": "^1.1.1"
      },
      "engines": {
        "node": ">= 0.4"
      },
      "funding": {
        "url": "https://github.com/sponsors/ljharb"
      }
    },
    "node_modules/function-bind": {
      "version": "1.1.2",
      "resolved": "https://registry.npmjs.org/function-bind/-/function-bind-1.1.2.tgz",
      "integrity": "sha512-7XHNxH7qX9xG5mIwxkhumTox/MIRNcOgDrxWsMt2pAr23WHp6MrRlN7FBSFpCpr+oVO0F744iUgR82nJMfG2SA==",
      "funding": {
        "url": "https://github.com/sponsors/ljharb"
      }
    },
    "node_modules/get-intrinsic": {
      "version": "1.2.2",
      "resolved": "https://registry.npmjs.org/get-intrinsic/-/get-intrinsic-1.2.2.tgz",
      "integrity": "sha512-0gSo4ml/0j98Y3lngkFEot/zhiCeWsbYIlZ+uZOVgzLyLaUw7wxUL+nCTP0XJvJg1AXulJRI3UJi8GsbDuxdGA==",
      "dependencies": {
        "function-bind": "^1.1.2",
        "has-proto": "^1.0.1",
        "has-symbols": "^1.0.3",
        "hasown": "^2.0.0"
      },
      "funding": {
        "url": "https://github.com/sponsors/ljharb"
      }
    },
    "node_modules/globalthis": {
      "version": "1.0.3",
      "resolved": "https://registry.npmjs.org/globalthis/-/globalthis-1.0.3.tgz",
      "integrity": "sha512-sFdI5LyBiNTHjRd7cGPWapiHWMOXKyuBNX/cWJ3NfzrZQVa8GI/8cofCl74AOVqq9W5kNmguTIzJ/1s2gyI9wA==",
      "dependencies": {
        "define-properties": "^1.1.3"
      },
      "engines": {
        "node": ">= 0.4"
      },
      "funding": {
        "url": "https://github.com/sponsors/ljharb"
      }
    },
    "node_modules/gopd": {
      "version": "1.0.1",
      "resolved": "https://registry.npmjs.org/gopd/-/gopd-1.0.1.tgz",
      "integrity": "sha512-d65bNlIadxvpb/A2abVdlqKqV563juRnZ1Wtk6s1sIR8uNsXR70xqIzVqxVf1eTqDunwT2MkczEeaezCKTZhwA==",
      "dependencies": {
        "get-intrinsic": "^1.1.3"
      },
      "funding": {
        "url": "https://github.com/sponsors/ljharb"
      }
    },
    "node_modules/has-property-descriptors": {
      "version": "1.0.1",
      "resolved": "https://registry.npmjs.org/has-property-descriptors/-/has-property-descriptors-1.0.1.tgz",
      "integrity": "sha512-VsX8eaIewvas0xnvinAe9bw4WfIeODpGYikiWYLH+dma0Jw6KHYqWiWfhQlgOVK8D6PvjubK5Uc4P0iIhIcNVg==",
      "dependencies": {
        "get-intrinsic": "^1.2.2"
      },
      "funding": {
        "url": "https://github.com/sponsors/ljharb"
      }
    },
    "node_modules/has-proto": {
      "version": "1.0.1",
      "resolved": "https://registry.npmjs.org/has-proto/-/has-proto-1.0.1.tgz",
      "integrity": "sha512-7qE+iP+O+bgF9clE5+UoBFzE65mlBiVj3tKCrlNQ0Ogwm0BjpT/gK4SlLYDMybDh5I3TCTKnPPa0oMG7JDYrhg==",
      "engines": {
        "node": ">= 0.4"
      },
      "funding": {
        "url": "https://github.com/sponsors/ljharb"
      }
    },
    "node_modules/has-symbols": {
      "version": "1.0.3",
      "resolved": "https://registry.npmjs.org/has-symbols/-/has-symbols-1.0.3.tgz",
      "integrity": "sha512-l3LCuF6MgDNwTDKkdYGEihYjt5pRPbEg46rtlmnSPlUbgmB8LOIrKJbYYFBSbnPaJexMKtiPO8hmeRjRz2Td+A==",
      "engines": {
        "node": ">= 0.4"
      },
      "funding": {
        "url": "https://github.com/sponsors/ljharb"
      }
    },
    "node_modules/hasown": {
      "version": "2.0.0",
      "resolved": "https://registry.npmjs.org/hasown/-/hasown-2.0.0.tgz",
      "integrity": "sha512-vUptKVTpIJhcczKBbgnS+RtcuYMB8+oNzPK2/Hp3hanz8JmpATdmmgLgSaadVREkDm+e2giHwY3ZRkyjSIDDFA==",
      "dependencies": {
        "function-bind": "^1.1.2"
      },
      "engines": {
        "node": ">= 0.4"
      }
    },
    "node_modules/is-it-type": {
      "version": "5.1.2",
      "resolved": "https://registry.npmjs.org/is-it-type/-/is-it-type-5.1.2.tgz",
      "integrity": "sha512-q/gOZQTNYABAxaXWnBKZjTFH4yACvWEFtgVOj+LbgxYIgAJG1xVmUZOsECSrZPIemYUQvaQWVilSFVbh4Eyt8A==",
      "dependencies": {
        "@babel/runtime": "^7.16.7",
        "globalthis": "^1.0.2"
      },
      "engines": {
        "node": ">=12"
      }
    },
    "node_modules/object-keys": {
      "version": "1.1.1",
      "resolved": "https://registry.npmjs.org/object-keys/-/object-keys-1.1.1.tgz",
      "integrity": "sha512-NuAESUOUMrlIXOfHKzD6bpPu3tYt3xvjNdRIQ+FeT0lNb4K8WR70CaDxhuNguS2XG+GjkyMwOzsN5ZktImfhLA==",
      "engines": {
        "node": ">= 0.4"
      }
    },
    "node_modules/regenerator-runtime": {
      "version": "0.14.1",
      "resolved": "https://registry.npmjs.org/regenerator-runtime/-/regenerator-runtime-0.14.1.tgz",
      "integrity": "sha512-dYnhHh0nJoMfnkZs6GmmhFknAGRrLznOu5nc9ML+EJxGvrx6H7teuevqVqCuPcPK//3eDrrjQhehXVx9cnkGdw=="
    },
    "node_modules/simple-invariant": {
      "version": "2.0.1",
      "resolved": "https://registry.npmjs.org/simple-invariant/-/simple-invariant-2.0.1.tgz",
      "integrity": "sha512-1sbhsxqI+I2tqlmjbz99GXNmZtr6tKIyEgGGnJw/MKGblalqk/XoOYYFJlBzTKZCxx8kLaD3FD5s9BEEjx5Pyg==",
      "engines": {
        "node": ">=10"
      }
    },
    "node_modules/strip-json-comments": {
      "version": "5.0.1",
      "resolved": "https://registry.npmjs.org/strip-json-comments/-/strip-json-comments-5.0.1.tgz",
      "integrity": "sha512-0fk9zBqO67Nq5M/m45qHCJxylV/DhBlIOVExqgOMiCCrzrhU6tCibRXNqE3jwJLftzE9SNuZtYbpzcO+i9FiKw==",
      "engines": {
        "node": ">=14.16"
      },
      "funding": {
        "url": "https://github.com/sponsors/sindresorhus"
      }
    },
    "node_modules/ts-essentials": {
      "version": "9.4.1",
      "resolved": "https://registry.npmjs.org/ts-essentials/-/ts-essentials-9.4.1.tgz",
      "integrity": "sha512-oke0rI2EN9pzHsesdmrOrnqv1eQODmJpd/noJjwj2ZPC3Z4N2wbjrOEqnsEgmvlO2+4fBb0a794DCna2elEVIQ==",
      "dev": true,
      "peerDependencies": {
        "typescript": ">=4.1.0"
      },
      "peerDependenciesMeta": {
        "typescript": {
          "optional": true
        }
      }
    },
    "node_modules/tslib": {
      "version": "2.6.2",
      "resolved": "https://registry.npmjs.org/tslib/-/tslib-2.6.2.tgz",
      "integrity": "sha512-AEYxH93jGFPn/a2iVAwW87VuUIkR1FVUKB77NwMF7nBTDkDrrT/Hpt/IrCJ0QXhW27jTBDcf5ZY7w6RiqTMw2Q==",
      "optional": true
    },
    "node_modules/yauzl-promise": {
      "version": "4.0.0",
      "resolved": "https://registry.npmjs.org/yauzl-promise/-/yauzl-promise-4.0.0.tgz",
      "integrity": "sha512-/HCXpyHXJQQHvFq9noqrjfa/WpQC2XYs3vI7tBiAi4QiIU1knvYhZGaO1QPjwIVMdqflxbmwgMXtYeaRiAE0CA==",
      "dependencies": {
        "@node-rs/crc32": "^1.7.0",
        "is-it-type": "^5.1.2",
        "simple-invariant": "^2.0.1"
      },
      "engines": {
        "node": ">=16"
      }
    }
  }
}
